
Microsoft Visual Studio Solution File, Format Version 12.00
# Visual Studio Version 16
VisualStudioVersion = 16.0.30517.126
MinimumVisualStudioVersion = 10.0.40219.1
Project("{FAE04EC0-301F-11D3-BF4B-00C04F79EFBC}") = "WFA201001", "WFA201001\WFA201001.csproj", "{6530F28F-9C04-408D-B56B-BBE62641C32F}"
EndProject
Global
	GlobalSection(SolutionConfigurationPlatforms) = preSolution
		Debug|Any CPU = Debug|Any CPU
		Release|Any CPU = Release|Any CPU
	EndGlobalSection
	GlobalSection(ProjectConfigurationPlatforms) = postSolution
		{6530F28F-9C04-408D-B56B-BBE62641C32F}.Debug|Any CPU.ActiveCfg = Debug|Any CPU
		{6530F28F-9C04-408D-B56B-BBE62641C32F}.Debug|Any CPU.Build.0 = Debug|Any CPU
		{6530F28F-9C04-408D-B56B-BBE62641C32F}.Release|Any CPU.ActiveCfg = Release|Any CPU
		{6530F28F-9C04-408D-B56B-BBE62641C32F}.Release|Any CPU.Build.0 = Release|Any CPU
	EndGlobalSection
	GlobalSection(SolutionProperties) = preSolution
		HideSolutionNode = FALSE
	EndGlobalSection
	GlobalSection(ExtensibilityGlobals) = postSolution
		SolutionGuid = {65BAA4F8-E0F3-4EF3-BBDC-E098CFDE7E13}
	EndGlobalSection
EndGlobal
